
Microsoft Visual Studio Solution File, Format Version 12.00
# Visual Studio 15
VisualStudioVersion = 15.0.28010.2019
MinimumVisualStudioVersion = 10.0.40219.1
Project("{FAE04EC0-301F-11D3-BF4B-00C04F79EFBC}") = "TwoMigrationsHW", "TwoMigrationsHW\TwoMigrationsHW.csproj", "{4217BD5F-562E-4A73-AC8B-1D7AD092FDDF}"
EndProject
Global
	GlobalSection(SolutionConfigurationPlatforms) = preSolution
		Debug|Any CPU = Debug|Any CPU
		Release|Any CPU = Release|Any CPU
	EndGlobalSection
	GlobalSection(ProjectConfigurationPlatforms) = postSolution
		{4217BD5F-562E-4A73-AC8B-1D7AD092FDDF}.Debug|Any CPU.ActiveCfg = Debug|Any CPU
		{4217BD5F-562E-4A73-AC8B-1D7AD092FDDF}.Debug|Any CPU.Build.0 = Debug|Any CPU
		{4217BD5F-562E-4A73-AC8B-1D7AD092FDDF}.Release|Any CPU.ActiveCfg = Release|Any CPU
		{4217BD5F-562E-4A73-AC8B-1D7AD092FDDF}.Release|Any CPU.Build.0 = Release|Any CPU
	EndGlobalSection
	GlobalSection(SolutionProperties) = preSolution
		HideSolutionNode = FALSE
	EndGlobalSection
	GlobalSection(ExtensibilityGlobals) = postSolution
		SolutionGuid = {2659EB55-27F9-4458-B660-6B7F365949D7}
	EndGlobalSection
EndGlobal
